
Microsoft Visual Studio Solution File, Format Version 12.00
# Visual Studio Version 16
VisualStudioVersion = 16.0.31112.23
MinimumVisualStudioVersion = 10.0.40219.1
Project("{9A19103F-16F7-4668-BE54-9A1E7A4F7556}") = "AssemblyAnalyzer", "AssemblyBrowser\AssemblyAnalyzer.csproj", "{A9BA5254-6582-4F61-9308-6ED483429E94}"
EndProject
Project("{9A19103F-16F7-4668-BE54-9A1E7A4F7556}") = "Window", "Window\Window.csproj", "{CD409658-B847-4202-970F-19928238336A}"
EndProject
Project("{FAE04EC0-301F-11D3-BF4B-00C04F79EFBC}") = "Test", "Test\Test.csproj", "{3AE1D337-8D99-4FBE-B5FB-3773E9F38E8C}"
EndProject
Global
	GlobalSection(SolutionConfigurationPlatforms) = preSolution
		Debug|Any CPU = Debug|Any CPU
		Release|Any CPU = Release|Any CPU
	EndGlobalSection
	GlobalSection(ProjectConfigurationPlatforms) = postSolution
		{A9BA5254-6582-4F61-9308-6ED483429E94}.Debug|Any CPU.ActiveCfg = Debug|Any CPU
		{A9BA5254-6582-4F61-9308-6ED483429E94}.Debug|Any CPU.Build.0 = Debug|Any CPU
		{A9BA5254-6582-4F61-9308-6ED483429E94}.Release|Any CPU.ActiveCfg = Release|Any CPU
		{A9BA5254-6582-4F61-9308-6ED483429E94}.Release|Any CPU.Build.0 = Release|Any CPU
		{CD409658-B847-4202-970F-19928238336A}.Debug|Any CPU.ActiveCfg = Debug|Any CPU
		{CD409658-B847-4202-970F-19928238336A}.Debug|Any CPU.Build.0 = Debug|Any CPU
		{CD409658-B847-4202-970F-19928238336A}.Release|Any CPU.ActiveCfg = Release|Any CPU
		{CD409658-B847-4202-970F-19928238336A}.Release|Any CPU.Build.0 = Release|Any CPU
		{3AE1D337-8D99-4FBE-B5FB-3773E9F38E8C}.Debug|Any CPU.ActiveCfg = Debug|Any CPU
		{3AE1D337-8D99-4FBE-B5FB-3773E9F38E8C}.Debug|Any CPU.Build.0 = Debug|Any CPU
		{3AE1D337-8D99-4FBE-B5FB-3773E9F38E8C}.Release|Any CPU.ActiveCfg = Release|Any CPU
		{3AE1D337-8D99-4FBE-B5FB-3773E9F38E8C}.Release|Any CPU.Build.0 = Release|Any CPU
	EndGlobalSection
	GlobalSection(SolutionProperties) = preSolution
		HideSolutionNode = FALSE
	EndGlobalSection
	GlobalSection(ExtensibilityGlobals) = postSolution
		SolutionGuid = {8F704217-45F8-47AC-B25E-8B3C66FAD951}
	EndGlobalSection
EndGlobal
